PODS:
  - GMOcBase (0.1.0)
  - Specta (1.0.7)

DEPENDENCIES:
  - GMOcBase (from `../`)
  - Specta

EXTERNAL SOURCES:
  GMOcBase:
    :path: ../

SPEC CHECKSUMS:
  GMOcBase: 0ea91d52a51fb90d23a49635aa55c0920c4c5ac3
  Specta: 3e1bd89c3517421982dc4d1c992503e48bd5fe66

PODFILE CHECKSUM: 8b9ad054bbd17cbd4f256da7f5358af9bb9740f7

COCOAPODS: 1.4.0
